// !$*UTF8*$!
{
	archiveVersion = 1;
	classes = {
	};
	objectVersion = 56;
	objects = {

/* Begin PBXBuildFile section */
		7548C6C0293C74000015B4C7 /* AppDelegate.swift in Sources */ = {isa = PBXBuildFile; fileRef = 7548C6BF293C74000015B4C7 /* AppDelegate.swift */; };
		7548C6C2293C74000015B4C7 /* SceneDelegate.swift in Sources */ = {isa = PBXBuildFile; fileRef = 7548C6C1293C74000015B4C7 /* SceneDelegate.swift */; };
		7548C6C4293C74000015B4C7 /* ViewController.swift in Sources */ = {isa = PBXBuildFile; fileRef = 7548C6C3293C74000015B4C7 /* ViewController.swift */; };
		7548C6C9293C74010015B4C7 /* Assets.xcassets in Resources */ = {isa = PBXBuildFile; fileRef = 7548C6C8293C74010015B4C7 /* Assets.xcassets */; };
		7548C6CC293C74010015B4C7 /* LaunchScreen.storyboard in Resources */ = {isa = PBXBuildFile; fileRef = 7548C6CA293C74010015B4C7 /* LaunchScreen.storyboard */; };
		7548C6D7293C74020015B4C7 /* YagomScoreTests.swift in Sources */ = {isa = PBXBuildFile; fileRef = 7548C6D6293C74020015B4C7 /* YagomScoreTests.swift */; };
		7548C6E1293C74020015B4C7 /* YagomScoreUITests.swift in Sources */ = {isa = PBXBuildFile; fileRef = 7548C6E0293C74020015B4C7 /* YagomScoreUITests.swift */; };
		7548C6E3293C74020015B4C7 /* YagomScoreUITestsLaunchTests.swift in Sources */ = {isa = PBXBuildFile; fileRef = 7548C6E2293C74020015B4C7 /* YagomScoreUITestsLaunchTests.swift */; };
		7548C6F0293C7D5B0015B4C7 /* SelectMenu.swift in Sources */ = {isa = PBXBuildFile; fileRef = 7548C6EF293C7D5B0015B4C7 /* SelectMenu.swift */; };
		7548C6F2293C7F230015B4C7 /* ErrorMenu.swift in Sources */ = {isa = PBXBuildFile; fileRef = 7548C6F1293C7F230015B4C7 /* ErrorMenu.swift */; };
		7548C6F4293C8CA40015B4C7 /* ScoreModel.swift in Sources */ = {isa = PBXBuildFile; fileRef = 7548C6F3293C8CA40015B4C7 /* ScoreModel.swift */; };
		7548C6F7293C8F420015B4C7 /* SnapKit in Frameworks */ = {isa = PBXBuildFile; productRef = 7548C6F6293C8F420015B4C7 /* SnapKit */; };
		7548C6F9293C8F650015B4C7 /* MenuFunction.swift in Sources */ = {isa = PBXBuildFile; fileRef = 7548C6F8293C8F650015B4C7 /* MenuFunction.swift */; };
/* End PBXBuildFile section */

/* Begin PBXContainerItemProxy section */
		7548C6D3293C74020015B4C7 /* PBXContainerItemProxy */ = {
			isa = PBXContainerItemProxy;
			containerPortal = 7548C6B4293C74000015B4C7 /* Project object */;
			proxyType = 1;
			remoteGlobalIDString = 7548C6BB293C74000015B4C7;
			remoteInfo = YagomScore;
		};
		7548C6DD293C74020015B4C7 /* PBXContainerItemProxy */ = {
			isa = PBXContainerItemProxy;
			containerPortal = 7548C6B4293C74000015B4C7 /* Project object */;
			proxyType = 1;
			remoteGlobalIDString = 7548C6BB293C74000015B4C7;
			remoteInfo = YagomScore;
		};
/* End PBXContainerItemProxy section */

/* Begin PBXFileReference section */
		7548C6BC293C74000015B4C7 /* YagomScore.app */ = {isa = PBXFileReference; explicitFileType = wrapper.application; includeInIndex = 0; path = YagomScore.app; sourceTree = BUILT_PRODUCTS_DIR; };
		7548C6BF293C74000015B4C7 /* AppDelegate.swift */ = {isa = PBXFileReference; lastKnownFileType = sourcecode.swift; path = AppDelegate.swift; sourceTree = "<group>"; };
		7548C6C1293C74000015B4C7 /* SceneDelegate.swift */ = {isa = PBXFileReference; lastKnownFileType = sourcecode.swift; path = SceneDelegate.swift; sourceTree = "<group>"; };
		7548C6C3293C74000015B4C7 /* ViewController.swift */ = {isa = PBXFileReference; lastKnownFileType = sourcecode.swift; path = ViewController.swift; sourceTree = "<group>"; };
		7548C6C8293C74010015B4C7 /* Assets.xcassets */ = {isa = PBXFileReference; lastKnownFileType = folder.assetcatalog; path = Assets.xcassets; sourceTree = "<group>"; };
		7548C6CB293C74010015B4C7 /* Base */ = {isa = PBXFileReference; lastKnownFileType = file.storyboard; name = Base; path = Base.lproj/LaunchScreen.storyboard; sourceTree = "<group>"; };
		7548C6CD293C74010015B4C7 /* Info.plist */ = {isa = PBXFileReference; lastKnownFileType = text.plist.xml; path = Info.plist; sourceTree = "<group>"; };
		7548C6D2293C74020015B4C7 /* YagomScoreTests.xctest */ = {isa = PBXFileReference; explicitFileType = wrapper.cfbundle; includeInIndex = 0; path = YagomScoreTests.xctest; sourceTree = BUILT_PRODUCTS_DIR; };
		7548C6D6293C74020015B4C7 /* YagomScoreTests.swift */ = {isa = PBXFileReference; lastKnownFileType = sourcecode.swift; path = YagomScoreTests.swift; sourceTree = "<group>"; };
		7548C6DC293C74020015B4C7 /* YagomScoreUITests.xctest */ = {isa = PBXFileReference; explicitFileType = wrapper.cfbundle; includeInIndex = 0; path = YagomScoreUITests.xctest; sourceTree = BUILT_PRODUCTS_DIR; };
		7548C6E0293C74020015B4C7 /* YagomScoreUITests.swift */ = {isa = PBXFileReference; lastKnownFileType = sourcecode.swift; path = YagomScoreUITests.swift; sourceTree = "<group>"; };
		7548C6E2293C74020015B4C7 /* YagomScoreUITestsLaunchTests.swift */ = {isa = PBXFileReference; lastKnownFileType = sourcecode.swift; path = YagomScoreUITestsLaunchTests.swift; sourceTree = "<group>"; };
		7548C6EF293C7D5B0015B4C7 /* SelectMenu.swift */ = {isa = PBXFileReference; lastKnownFileType = sourcecode.swift; path = SelectMenu.swift; sourceTree = "<group>"; };
		7548C6F1293C7F230015B4C7 /* ErrorMenu.swift */ = {isa = PBXFileReference; lastKnownFileType = sourcecode.swift; path = ErrorMenu.swift; sourceTree = "<group>"; };
		7548C6F3293C8CA40015B4C7 /* ScoreModel.swift */ = {isa = PBXFileReference; lastKnownFileType = sourcecode.swift; path = ScoreModel.swift; sourceTree = "<group>"; };
		7548C6F8293C8F650015B4C7 /* MenuFunction.swift */ = {isa = PBXFileReference; lastKnownFileType = sourcecode.swift; path = MenuFunction.swift; sourceTree = "<group>"; };
/* End PBXFileReference section */

/* Begin PBXFrameworksBuildPhase section */
		7548C6B9293C74000015B4C7 /* Frameworks */ = {
			isa = PBXFrameworksBuildPhase;
			buildActionMask = 2147483647;
			files = (
				7548C6F7293C8F420015B4C7 /* SnapKit in Frameworks */,
			);
			runOnlyForDeploymentPostprocessing = 0;
		};
		7548C6CF293C74020015B4C7 /* Frameworks */ = {
			isa = PBXFrameworksBuildPhase;
			buildActionMask = 2147483647;
			files = (
			);
			runOnlyForDeploymentPostprocessing = 0;
		};
		7548C6D9293C74020015B4C7 /* Frameworks */ = {
			isa = PBXFrameworksBuildPhase;
			buildActionMask = 2147483647;
			files = (
			);
			runOnlyForDeploymentPostprocessing = 0;
		};
/* End PBXFrameworksBuildPhase section */

/* Begin PBXGroup section */
		7548C6B3293C74000015B4C7 = {
			isa = PBXGroup;
			children = (
				7548C6BE293C74000015B4C7 /* YagomScore */,
				7548C6D5293C74020015B4C7 /* YagomScoreTests */,
				7548C6DF293C74020015B4C7 /* YagomScoreUITests */,
				7548C6BD293C74000015B4C7 /* Products */,
			);
			sourceTree = "<group>";
		};
		7548C6BD293C74000015B4C7 /* Products */ = {
			isa = PBXGroup;
			children = (
				7548C6BC293C74000015B4C7 /* YagomScore.app */,
				7548C6D2293C74020015B4C7 /* YagomScoreTests.xctest */,
				7548C6DC293C74020015B4C7 /* YagomScoreUITests.xctest */,
			);
			name = Products;
			sourceTree = "<group>";
		};
		7548C6BE293C74000015B4C7 /* YagomScore */ = {
			isa = PBXGroup;
			children = (
				7548C6BF293C74000015B4C7 /* AppDelegate.swift */,
				7548C6C1293C74000015B4C7 /* SceneDelegate.swift */,
				7548C6C3293C74000015B4C7 /* ViewController.swift */,
				7548C6C8293C74010015B4C7 /* Assets.xcassets */,
				7548C6CA293C74010015B4C7 /* LaunchScreen.storyboard */,
				7548C6CD293C74010015B4C7 /* Info.plist */,
				7548C6EF293C7D5B0015B4C7 /* SelectMenu.swift */,
				7548C6F1293C7F230015B4C7 /* ErrorMenu.swift */,
				7548C6F3293C8CA40015B4C7 /* ScoreModel.swift */,
				7548C6F8293C8F650015B4C7 /* MenuFunction.swift */,
			);
			path = YagomScore;
			sourceTree = "<group>";
		};
		7548C6D5293C74020015B4C7 /* YagomScoreTests */ = {
			isa = PBXGroup;
			children = (
				7548C6D6293C74020015B4C7 /* YagomScoreTests.swift */,
			);
			path = YagomScoreTests;
			sourceTree = "<group>";
		};
		7548C6DF293C74020015B4C7 /* YagomScoreUITests */ = {
			isa = PBXGroup;
			children = (
				7548C6E0293C74020015B4C7 /* YagomScoreUITests.swift */,
				7548C6E2293C74020015B4C7 /* YagomScoreUITestsLaunchTests.swift */,
			);
			path = YagomScoreUITests;
			sourceTree = "<group>";
		};
/* End PBXGroup section */

/* Begin PBXNativeTarget section */
		7548C6BB293C74000015B4C7 /* YagomScore */ = {
			isa = PBXNativeTarget;
			buildConfigurationList = 7548C6E6293C74020015B4C7 /* Build configuration list for PBXNativeTarget "YagomScore" */;
			buildPhases = (
				7548C6B8293C74000015B4C7 /* Sources */,
				7548C6B9293C74000015B4C7 /* Frameworks */,
				7548C6BA293C74000015B4C7 /* Resources */,
			);
			buildRules = (
			);
			dependencies = (
			);
			name = YagomScore;
			packageProductDependencies = (
				7548C6F6293C8F420015B4C7 /* SnapKit */,
			);
			productName = YagomScore;
			productReference = 7548C6BC293C74000015B4C7 /* YagomScore.app */;
			productType = "com.apple.product-type.application";
		};
		7548C6D1293C74020015B4C7 /* YagomScoreTests */ = {
			isa = PBXNativeTarget;
			buildConfigurationList = 7548C6E9293C74020015B4C7 /* Build configuration list for PBXNativeTarget "YagomScoreTests" */;
			buildPhases = (
				7548C6CE293C74020015B4C7 /* Sources */,
				7548C6CF293C74020015B4C7 /* Frameworks */,
				7548C6D0293C74020015B4C7 /* Resources */,
			);
			buildRules = (
			);
			dependencies = (
				7548C6D4293C74020015B4C7 /* PBXTargetDependency */,
			);
			name = YagomScoreTests;
			productName = YagomScoreTests;
			productReference = 7548C6D2293C74020015B4C7 /* YagomScoreTests.xctest */;
			productType = "com.apple.product-type.bundle.unit-test";
		};
		7548C6DB293C74020015B4C7 /* YagomScoreUITests */ = {
			isa = PBXNativeTarget;
			buildConfigurationList = 7548C6EC293C74020015B4C7 /* Build configuration list for PBXNativeTarget "YagomScoreUITests" */;
			buildPhases = (
				7548C6D8293C74020015B4C7 /* Sources */,
				7548C6D9293C74020015B4C7 /* Frameworks */,
				7548C6DA293C74020015B4C7 /* Resources */,
			);
			buildRules = (
			);
			dependencies = (
				7548C6DE293C74020015B4C7 /* PBXTargetDependency */,
			);
			name = YagomScoreUITests;
			productName = YagomScoreUITests;
			productReference = 7548C6DC293C74020015B4C7 /* YagomScoreUITests.xctest */;
			productType = "com.apple.product-type.bundle.ui-testing";
		};
/* End PBXNativeTarget section */

/* Begin PBXProject section */
		7548C6B4293C74000015B4C7 /* Project object */ = {
			isa = PBXProject;
			attributes = {
				BuildIndependentTargetsInParallel = 1;
				LastSwiftUpdateCheck = 1400;
				LastUpgradeCheck = 1400;
				TargetAttributes = {
					7548C6BB293C74000015B4C7 = {
						CreatedOnToolsVersion = 14.0.1;
					};
					7548C6D1293C74020015B4C7 = {
						CreatedOnToolsVersion = 14.0.1;
						TestTargetID = 7548C6BB293C74000015B4C7;
					};
					7548C6DB293C74020015B4C7 = {
						CreatedOnToolsVersion = 14.0.1;
						TestTargetID = 7548C6BB293C74000015B4C7;
					};
				};
			};
			buildConfigurationList = 7548C6B7293C74000015B4C7 /* Build configuration list for PBXProject "YagomScore" */;
			compatibilityVersion = "Xcode 14.0";
			developmentRegion = en;
			hasScannedForEncodings = 0;
			knownRegions = (
				en,
				Base,
			);
			mainGroup = 7548C6B3293C74000015B4C7;
			packageReferences = (
				7548C6F5293C8F410015B4C7 /* XCRemoteSwiftPackageReference "SnapKit" */,
			);
			productRefGroup = 7548C6BD293C74000015B4C7 /* Products */;
			projectDirPath = "";
			projectRoot = "";
			targets = (
				7548C6BB293C74000015B4C7 /* YagomScore */,
				7548C6D1293C74020015B4C7 /* YagomScoreTests */,
				7548C6DB293C74020015B4C7 /* YagomScoreUITests */,
			);
		};
/* End PBXProject section */

/* Begin PBXResourcesBuildPhase section */
		7548C6BA293C74000015B4C7 /* Resources */ = {
			isa = PBXResourcesBuildPhase;
			buildActionMask = 2147483647;
			files = (
				7548C6CC293C74010015B4C7 /* LaunchScreen.storyboard in Resources */,
				7548C6C9293C74010015B4C7 /* Assets.xcassets in Resources */,
			);
			runOnlyForDeploymentPostprocessing = 0;
		};
		7548C6D0293C74020015B4C7 /* Resources */ = {
			isa = PBXResourcesBuildPhase;
			buildActionMask = 2147483647;
			files = (
			);
			runOnlyForDeploymentPostprocessing = 0;
		};
		7548C6DA293C74020015B4C7 /* Resources */ = {
			isa = PBXResourcesBuildPhase;
			buildActionMask = 2147483647;
			files = (
			);
			runOnlyForDeploymentPostprocessing = 0;
		};
/* End PBXResourcesBuildPhase section */

/* Begin PBXSourcesBuildPhase section */
		7548C6B8293C74000015B4C7 /* Sources */ = {
			isa = PBXSourcesBuildPhase;
			buildActionMask = 2147483647;
			files = (
				7548C6F4293C8CA40015B4C7 /* ScoreModel.swift in Sources */,
				7548C6F2293C7F230015B4C7 /* ErrorMenu.swift in Sources */,
				7548C6F0293C7D5B0015B4C7 /* SelectMenu.swift in Sources */,
				7548C6C4293C74000015B4C7 /* ViewController.swift in Sources */,
				7548C6F9293C8F650015B4C7 /* MenuFunction.swift in Sources */,
				7548C6C0293C74000015B4C7 /* AppDelegate.swift in Sources */,
				7548C6C2293C74000015B4C7 /* SceneDelegate.swift in Sources */,
			);
			runOnlyForDeploymentPostprocessing = 0;
		};
		7548C6CE293C74020015B4C7 /* Sources */ = {
			isa = PBXSourcesBuildPhase;
			buildActionMask = 2147483647;
			files = (
				7548C6D7293C74020015B4C7 /* YagomScoreTests.swift in Sources */,
			);
			runOnlyForDeploymentPostprocessing = 0;
		};
		7548C6D8293C74020015B4C7 /* Sources */ = {
			isa = PBXSourcesBuildPhase;
			buildActionMask = 2147483647;
			files = (
				7548C6E1293C74020015B4C7 /* YagomScoreUITests.swift in Sources */,
				7548C6E3293C74020015B4C7 /* YagomScoreUITestsLaunchTests.swift in Sources */,
			);
			runOnlyForDeploymentPostprocessing = 0;
		};
/* End PBXSourcesBuildPhase section */

/* Begin PBXTargetDependency section */
		7548C6D4293C74020015B4C7 /* PBXTargetDependency */ = {
			isa = PBXTargetDependency;
			target = 7548C6BB293C74000015B4C7 /* YagomScore */;
			targetProxy = 7548C6D3293C74020015B4C7 /* PBXContainerItemProxy */;
		};
		7548C6DE293C74020015B4C7 /* PBXTargetDependency */ = {
			isa = PBXTargetDependency;
			target = 7548C6BB293C74000015B4C7 /* YagomScore */;
			targetProxy = 7548C6DD293C74020015B4C7 /* PBXContainerItemProxy */;
		};
/* End PBXTargetDependency section */

/* Begin PBXVariantGroup section */
		7548C6CA293C74010015B4C7 /* LaunchScreen.storyboard */ = {
			isa = PBXVariantGroup;
			children = (
				7548C6CB293C74010015B4C7 /* Base */,
			);
			name = LaunchScreen.storyboard;
			sourceTree = "<group>";
		};
/* End PBXVariantGroup section */

/* Begin XCBuildConfiguration section */
		7548C6E4293C74020015B4C7 /* Debug */ = {
			isa = XCBuildConfiguration;
			buildSettings = {
				ALWAYS_SEARCH_USER_PATHS = NO;
				CLANG_ANALYZER_NONNULL = YES;
				CLANG_ANALYZER_NUMBER_OBJECT_CONVERSION = YES_AGGRESSIVE;
				CLANG_CXX_LANGUAGE_STANDARD = "gnu++20";
				CLANG_ENABLE_MODULES = YES;
				CLANG_ENABLE_OBJC_ARC = YES;
				CLANG_ENABLE_OBJC_WEAK = YES;
				CLANG_WARN_BLOCK_CAPTURE_AUTORELEASING = YES;
				CLANG_WARN_BOOL_CONVERSION = YES;
				CLANG_WARN_COMMA = YES;
				CLANG_WARN_CONSTANT_CONVERSION = YES;
				CLANG_WARN_DEPRECATED_OBJC_IMPLEMENTATIONS = YES;
				CLANG_WARN_DIRECT_OBJC_ISA_USAGE = YES_ERROR;
				CLANG_WARN_DOCUMENTATION_COMMENTS = YES;
				CLANG_WARN_EMPTY_BODY = YES;
				CLANG_WARN_ENUM_CONVERSION = YES;
				CLANG_WARN_INFINITE_RECURSION = YES;
				CLANG_WARN_INT_CONVERSION = YES;
				CLANG_WARN_NON_LITERAL_NULL_CONVERSION = YES;
				CLANG_WARN_OBJC_IMPLICIT_RETAIN_SELF = YES;
				CLANG_WARN_OBJC_LITERAL_CONVERSION = YES;
				CLANG_WARN_OBJC_ROOT_CLASS = YES_ERROR;
				CLANG_WARN_QUOTED_INCLUDE_IN_FRAMEWORK_HEADER = YES;
				CLANG_WARN_RANGE_LOOP_ANALYSIS = YES;
				CLANG_WARN_STRICT_PROTOTYPES = YES;
				CLANG_WARN_SUSPICIOUS_MOVE = YES;
				CLANG_WARN_UNGUARDED_AVAILABILITY = YES_AGGRESSIVE;
				CLANG_WARN_UNREACHABLE_CODE = YES;
				CLANG_WARN__DUPLICATE_METHOD_MATCH = YES;
				COPY_PHASE_STRIP = NO;
				DEBUG_INFORMATION_FORMAT = dwarf;
				ENABLE_STRICT_OBJC_MSGSEND = YES;
				ENABLE_TESTABILITY = YES;
				GCC_C_LANGUAGE_STANDARD = gnu11;
				GCC_DYNAMIC_NO_PIC = NO;
				GCC_NO_COMMON_BLOCKS = YES;
				GCC_OPTIMIZATION_LEVEL = 0;
				GCC_PREPROCESSOR_DEFINITIONS = (
					"DEBUG=1",
					"$(inherited)",
				);
				GCC_WARN_64_TO_32_BIT_CONVERSION = YES;
				GCC_WARN_ABOUT_RETURN_TYPE = YES_ERROR;
				GCC_WARN_UNDECLARED_SELECTOR = YES;
				GCC_WARN_UNINITIALIZED_AUTOS = YES_AGGRESSIVE;
				GCC_WARN_UNUSED_FUNCTION = YES;
				GCC_WARN_UNUSED_VARIABLE = YES;
				IPHONEOS_DEPLOYMENT_TARGET = 16.0;
				MTL_ENABLE_DEBUG_INFO = INCLUDE_SOURCE;
				MTL_FAST_MATH = YES;
				ONLY_ACTIVE_ARCH = YES;
				SDKROOT = iphoneos;
				SWIFT_ACTIVE_COMPILATION_CONDITIONS = DEBUG;
				SWIFT_OPTIMIZATION_LEVEL = "-Onone";
			};
			name = Debug;
		};
		7548C6E5293C74020015B4C7 /* Release */ = {
			isa = XCBuildConfiguration;
			buildSettings = {
				ALWAYS_SEARCH_USER_PATHS = NO;
				CLANG_ANALYZER_NONNULL = YES;
				CLANG_ANALYZER_NUMBER_OBJECT_CONVERSION = YES_AGGRESSIVE;
				CLANG_CXX_LANGUAGE_STANDARD = "gnu++20";
				CLANG_ENABLE_MODULES = YES;
				CLANG_ENABLE_OBJC_ARC = YES;
				CLANG_ENABLE_OBJC_WEAK = YES;
				CLANG_WARN_BLOCK_CAPTURE_AUTORELEASING = YES;
				CLANG_WARN_BOOL_CONVERSION = YES;
				CLANG_WARN_COMMA = YES;
				CLANG_WARN_CONSTANT_CONVERSION = YES;
				CLANG_WARN_DEPRECATED_OBJC_IMPLEMENTATIONS = YES;
				CLANG_WARN_DIRECT_OBJC_ISA_USAGE = YES_ERROR;
				CLANG_WARN_DOCUMENTATION_COMMENTS = YES;
				CLANG_WARN_EMPTY_BODY = YES;
				CLANG_WARN_ENUM_CONVERSION = YES;
				CLANG_WARN_INFINITE_RECURSION = YES;
				CLANG_WARN_INT_CONVERSION = YES;
				CLANG_WARN_NON_LITERAL_NULL_CONVERSION = YES;
				CLANG_WARN_OBJC_IMPLICIT_RETAIN_SELF = YES;
				CLANG_WARN_OBJC_LITERAL_CONVERSION = YES;
				CLANG_WARN_OBJC_ROOT_CLASS = YES_ERROR;
				CLANG_WARN_QUOTED_INCLUDE_IN_FRAMEWORK_HEADER = YES;
				CLANG_WARN_RANGE_LOOP_ANALYSIS = YES;
				CLANG_WARN_STRICT_PROTOTYPES = YES;
				CLANG_WARN_SUSPICIOUS_MOVE = YES;
				CLANG_WARN_UNGUARDED_AVAILABILITY = YES_AGGRESSIVE;
				CLANG_WARN_UNREACHABLE_CODE = YES;
				CLANG_WARN__DUPLICATE_METHOD_MATCH = YES;
				COPY_PHASE_STRIP = NO;
				DEBUG_INFORMATION_FORMAT = "dwarf-with-dsym";
				ENABLE_NS_ASSERTIONS = NO;
				ENABLE_STRICT_OBJC_MSGSEND = YES;
				GCC_C_LANGUAGE_STANDARD = gnu11;
				GCC_NO_COMMON_BLOCKS = YES;
				GCC_WARN_64_TO_32_BIT_CONVERSION = YES;
				GCC_WARN_ABOUT_RETURN_TYPE = YES_ERROR;
				GCC_WARN_UNDECLARED_SELECTOR = YES;
				GCC_WARN_UNINITIALIZED_AUTOS = YES_AGGRESSIVE;
				GCC_WARN_UNUSED_FUNCTION = YES;
				GCC_WARN_UNUSED_VARIABLE = YES;
				IPHONEOS_DEPLOYMENT_TARGET = 16.0;
				MTL_ENABLE_DEBUG_INFO = NO;
				MTL_FAST_MATH = YES;
				SDKROOT = iphoneos;
				SWIFT_COMPILATION_MODE = wholemodule;
				SWIFT_OPTIMIZATION_LEVEL = "-O";
				VALIDATE_PRODUCT = YES;
			};
			name = Release;
		};
		7548C6E7293C74020015B4C7 /* Debug */ = {
			isa = XCBuildConfiguration;
			buildSettings = {
				ASSETCATALOG_COMPILER_APPICON_NAME = AppIcon;
				ASSETCATALOG_COMPILER_GLOBAL_ACCENT_COLOR_NAME = AccentColor;
				CODE_SIGN_STYLE = Automatic;
				CURRENT_PROJECT_VERSION = 1;
				DEVELOPMENT_TEAM = 7N2TRX73U6;
				GENERATE_INFOPLIST_FILE = YES;
				INFOPLIST_FILE = YagomScore/Info.plist;
				INFOPLIST_KEY_UIApplicationSupportsIndirectInputEvents = YES;
				INFOPLIST_KEY_UILaunchStoryboardName = LaunchScreen;
				INFOPLIST_KEY_UISupportedInterfaceOrientations_iPad = "UIInterfaceOrientationPortrait UIInterfaceOrientationPortraitUpsideDown UIInterfaceOrientationLandscapeLeft UIInterfaceOrientationLandscapeRight";
				INFOPLIST_KEY_UISupportedInterfaceOrientations_iPhone = "UIInterfaceOrientationPortrait UIInterfaceOrientationLandscapeLeft UIInterfaceOrientationLandscapeRight";
				IPHONEOS_DEPLOYMENT_TARGET = 13.0;
				LD_RUNPATH_SEARCH_PATHS = (
					"$(inherited)",
					"@executable_path/Frameworks",
				);
				MARKETING_VERSION = 1.0;
				PRODUCT_BUNDLE_IDENTIFIER = com.calmkeen.YagomScore;
				PRODUCT_NAME = "$(TARGET_NAME)";
				SWIFT_EMIT_LOC_STRINGS = YES;
				SWIFT_VERSION = 5.0;
				TARGETED_DEVICE_FAMILY = "1,2";
			};
			name = Debug;
		};
		7548C6E8293C74020015B4C7 /* Release */ = {
			isa = XCBuildConfiguration;
			buildSettings = {
				ASSETCATALOG_COMPILER_APPICON_NAME = AppIcon;
				ASSETCATALOG_COMPILER_GLOBAL_ACCENT_COLOR_NAME = AccentColor;
				CODE_SIGN_STYLE = Automatic;
				CURRENT_PROJECT_VERSION = 1;
				DEVELOPMENT_TEAM = 7N2TRX73U6;
				GENERATE_INFOPLIST_FILE = YES;
				INFOPLIST_FILE = YagomScore/Info.plist;
				INFOPLIST_KEY_UIApplicationSupportsIndirectInputEvents = YES;
				INFOPLIST_KEY_UILaunchStoryboardName = LaunchScreen;
				INFOPLIST_KEY_UISupportedInterfaceOrientations_iPad = "UIInterfaceOrientationPortrait UIInterfaceOrientationPortraitUpsideDown UIInterfaceOrientationLandscapeLeft UIInterfaceOrientationLandscapeRight";
				INFOPLIST_KEY_UISupportedInterfaceOrientations_iPhone = "UIInterfaceOrientationPortrait UIInterfaceOrientationLandscapeLeft UIInterfaceOrientationLandscapeRight";
				IPHONEOS_DEPLOYMENT_TARGET = 13.0;
				LD_RUNPATH_SEARCH_PATHS = (
					"$(inherited)",
					"@executable_path/Frameworks",
				);
				MARKETING_VERSION = 1.0;
				PRODUCT_BUNDLE_IDENTIFIER = com.calmkeen.YagomScore;
				PRODUCT_NAME = "$(TARGET_NAME)";
				SWIFT_EMIT_LOC_STRINGS = YES;
				SWIFT_VERSION = 5.0;
				TARGETED_DEVICE_FAMILY = "1,2";
			};
			name = Release;
		};
		7548C6EA293C74020015B4C7 /* Debug */ = {
			isa = XCBuildConfiguration;
			buildSettings = {
				ALWAYS_EMBED_SWIFT_STANDARD_LIBRARIES = YES;
				BUNDLE_LOADER = "$(TEST_HOST)";
				CODE_SIGN_STYLE = Automatic;
				CURRENT_PROJECT_VERSION = 1;
				DEVELOPMENT_TEAM = 7N2TRX73U6;
				GENERATE_INFOPLIST_FILE = YES;
				IPHONEOS_DEPLOYMENT_TARGET = 16.0;
				MARKETING_VERSION = 1.0;
				PRODUCT_BUNDLE_IDENTIFIER = com.calmkeen.YagomScoreTests;
				PRODUCT_NAME = "$(TARGET_NAME)";
				SWIFT_EMIT_LOC_STRINGS = NO;
				SWIFT_VERSION = 5.0;
				TARGETED_DEVICE_FAMILY = "1,2";
				TEST_HOST = "$(BUILT_PRODUCTS_DIR)/YagomScore.app/$(BUNDLE_EXECUTABLE_FOLDER_PATH)/YagomScore";
			};
			name = Debug;
		};
		7548C6EB293C74020015B4C7 /* Release */ = {
			isa = XCBuildConfiguration;
			buildSettings = {
				ALWAYS_EMBED_SWIFT_STANDARD_LIBRARIES = YES;
				BUNDLE_LOADER = "$(TEST_HOST)";
				CODE_SIGN_STYLE = Automatic;
				CURRENT_PROJECT_VERSION = 1;
				DEVELOPMENT_TEAM = 7N2TRX73U6;
				GENERATE_INFOPLIST_FILE = YES;
				IPHONEOS_DEPLOYMENT_TARGET = 16.0;
				MARKETING_VERSION = 1.0;
				PRODUCT_BUNDLE_IDENTIFIER = com.calmkeen.YagomScoreTests;
				PRODUCT_NAME = "$(TARGET_NAME)";
				SWIFT_EMIT_LOC_STRINGS = NO;
				SWIFT_VERSION = 5.0;
				TARGETED_DEVICE_FAMILY = "1,2";
				TEST_HOST = "$(BUILT_PRODUCTS_DIR)/YagomScore.app/$(BUNDLE_EXECUTABLE_FOLDER_PATH)/YagomScore";
			};
			name = Release;
		};
		7548C6ED293C74020015B4C7 /* Debug */ = {
			isa = XCBuildConfiguration;
			buildSettings = {
				ALWAYS_EMBED_SWIFT_STANDARD_LIBRARIES = YES;
				CODE_SIGN_STYLE = Automatic;
				CURRENT_PROJECT_VERSION = 1;
				DEVELOPMENT_TEAM = 7N2TRX73U6;
				GENERATE_INFOPLIST_FILE = YES;
				MARKETING_VERSION = 1.0;
				PRODUCT_BUNDLE_IDENTIFIER = com.calmkeen.YagomScoreUITests;
				PRODUCT_NAME = "$(TARGET_NAME)";
				SWIFT_EMIT_LOC_STRINGS = NO;
				SWIFT_VERSION = 5.0;
				TARGETED_DEVICE_FAMILY = "1,2";
				TEST_TARGET_NAME = YagomScore;
			};
			name = Debug;
		};
		7548C6EE293C74020015B4C7 /* Release */ = {
			isa = XCBuildConfiguration;
			buildSettings = {
				ALWAYS_EMBED_SWIFT_STANDARD_LIBRARIES = YES;
				CODE_SIGN_STYLE = Automatic;
				CURRENT_PROJECT_VERSION = 1;
				DEVELOPMENT_TEAM = 7N2TRX73U6;
				GENERATE_INFOPLIST_FILE = YES;
				MARKETING_VERSION = 1.0;
				PRODUCT_BUNDLE_IDENTIFIER = com.calmkeen.YagomScoreUITests;
				PRODUCT_NAME = "$(TARGET_NAME)";
				SWIFT_EMIT_LOC_STRINGS = NO;
				SWIFT_VERSION = 5.0;
				TARGETED_DEVICE_FAMILY = "1,2";
				TEST_TARGET_NAME = YagomScore;
			};
			name = Release;
		};
/* End XCBuildConfiguration section */

/* Begin XCConfigurationList section */
		7548C6B7293C74000015B4C7 /* Build configuration list for PBXProject "YagomScore" */ = {
			isa = XCConfigurationList;
			buildConfigurations = (
				7548C6E4293C74020015B4C7 /* Debug */,
				7548C6E5293C74020015B4C7 /* Release */,
			);
			defaultConfigurationIsVisible = 0;
			defaultConfigurationName = Release;
		};
		7548C6E6293C74020015B4C7 /* Build configuration list for PBXNativeTarget "YagomScore" */ = {
			isa = XCConfigurationList;
			buildConfigurations = (
				7548C6E7293C74020015B4C7 /* Debug */,
				7548C6E8293C74020015B4C7 /* Release */,
			);
			defaultConfigurationIsVisible = 0;
			defaultConfigurationName = Release;
		};
		7548C6E9293C74020015B4C7 /* Build configuration list for PBXNativeTarget "YagomScoreTests" */ = {
			isa = XCConfigurationList;
			buildConfigurations = (
				7548C6EA293C74020015B4C7 /* Debug */,
				7548C6EB293C74020015B4C7 /* Release */,
			);
			defaultConfigurationIsVisible = 0;
			defaultConfigurationName = Release;
		};
		7548C6EC293C74020015B4C7 /* Build configuration list for PBXNativeTarget "YagomScoreUITests" */ = {
			isa = XCConfigurationList;
			buildConfigurations = (
				7548C6ED293C74020015B4C7 /* Debug */,
				7548C6EE293C74020015B4C7 /* Release */,
			);
			defaultConfigurationIsVisible = 0;
			defaultConfigurationName = Release;
		};
/* End XCConfigurationList section */

/* Begin XCRemoteSwiftPackageReference section */
		7548C6F5293C8F410015B4C7 /* XCRemoteSwiftPackageReference "SnapKit" */ = {
			isa = XCRemoteSwiftPackageReference;
			repositoryURL = "https://github.com/SnapKit/SnapKit.git";
			requirement = {
				branch = develop;
				kind = branch;
			};
		};
/* End XCRemoteSwiftPackageReference section */

/* Begin XCSwiftPackageProductDependency section */
		7548C6F6293C8F420015B4C7 /* SnapKit */ = {
			isa = XCSwiftPackageProductDependency;
			package = 7548C6F5293C8F410015B4C7 /* XCRemoteSwiftPackageReference "SnapKit" */;
			productName = SnapKit;
		};
/* End XCSwiftPackageProductDependency section */
	};
	rootObject = 7548C6B4293C74000015B4C7 /* Project object */;
}
